
Microsoft Visual Studio Solution File, Format Version 12.00
# Visual Studio Version 16
VisualStudioVersion = 16.0.30413.136
MinimumVisualStudioVersion = 10.0.40219.1
Project("{FAE04EC0-301F-11D3-BF4B-00C04F79EFBC}") = "ExcecoesPersonalizadas", "ExcecoesPersonalizadas\ExcecoesPersonalizadas.csproj", "{74959CA3-3239-477F-9ACD-F96FD82AA220}"
EndProject
Global
	GlobalSection(SolutionConfigurationPlatforms) = preSolution
		Debug|Any CPU = Debug|Any CPU
		Release|Any CPU = Release|Any CPU
	EndGlobalSection
	GlobalSection(ProjectConfigurationPlatforms) = postSolution
		{74959CA3-3239-477F-9ACD-F96FD82AA220}.Debug|Any CPU.ActiveCfg = Debug|Any CPU
		{74959CA3-3239-477F-9ACD-F96FD82AA220}.Debug|Any CPU.Build.0 = Debug|Any CPU
		{74959CA3-3239-477F-9ACD-F96FD82AA220}.Release|Any CPU.ActiveCfg = Release|Any CPU
		{74959CA3-3239-477F-9ACD-F96FD82AA220}.Release|Any CPU.Build.0 = Release|Any CPU
	EndGlobalSection
	GlobalSection(SolutionProperties) = preSolution
		HideSolutionNode = FALSE
	EndGlobalSection
	GlobalSection(ExtensibilityGlobals) = postSolution
		SolutionGuid = {FCDC412A-9B51-4452-B206-2EDC10DE4296}
	EndGlobalSection
EndGlobal
